github.com/go-redis/redis/v8 v8.11.5/go.mod h1:gREzHqY1hg6oD9ngVRbLStwAWKhA0FEgq8Jd4h5lpwo=
github.com/golang-jwt/jwt/v5 v5.3.1 h1:kYf81DTWFe7t+1VvL7eS+jKFVWaUnK9cB1qbwn63YCY=
github.com/golang-jwt/jwt/v5 v5.3.1/go.mod h1:fxCRLWMO43lRc8nhHWY6LGqRcf+1gQWArsqaEUEa5bE=
github.com/gorilla/websocket v1.5.0/go.mod h1:YR8l580nyteQvAITg2hZ9XVh4b55+EU/adAjf1fMHhE=
github.com/prometheus/client_golang v1.17.0/go.mod h1:VeL+gMmOAxkS2IqfCq0ZmHSL+LjWfWDUmp1mBz9JgUY=
go.opentelemetry.io/contrib/instrumentation/net/http/otelhttp v0.55.0/go.mod h1:DQAwmETtZV00skUwgD6+0U89g80NKsJE3DCKeLLPQMI=
go.opentelemetry.io/otel v1.30.0/go.mod h1:tFw4Br9b7fOS+uEao81PJjVMjW/5fvNCbpsDIXqP0pc=
go.opentelemetry.io/otel/exporters/otlp/otlptrace/otlptracehttp v1.30.0/go.mod h1:4lVs6obhSVRb1EW5FhOuBTyiQhtRtAnnva9vD3yRfq8=
go.opentelemetry.io/otel/sdk v1.30.0/go.mod h1:p14X4Ok8S+sygzblytT1nqG98QG2KYKv++HE0LY/mhg=
